
Microsoft Visual Studio Solution File, Format Version 12.00
# Visual Studio Version 16
VisualStudioVersion = 16.0.31727.386
MinimumVisualStudioVersion = 10.0.40219.1
Project("{9A19103F-16F7-4668-BE54-9A1E7A4F7556}") = "PresentationLayer", "PresentationLayer\PresentationLayer.csproj", "{6917EEFF-E636-4132-BDD1-A2421F095C3A}"
EndProject
Project("{9A19103F-16F7-4668-BE54-9A1E7A4F7556}") = "BusinessLayer", "BusinessLayer\BusinessLayer.csproj", "{B2376C68-BBDB-4474-9FF9-C021DAE620D7}"
EndProject
Project("{9A19103F-16F7-4668-BE54-9A1E7A4F7556}") = "DataLayer", "DataLayer\DataLayer.csproj", "{4BD39936-C417-49EC-BD06-6FBC4B73E43A}"
EndProject
Project("{2150E333-8FDC-42A3-9474-1A3956D46DE8}") = "Tests", "Tests", "{0368A072-E52B-4919-9152-B45318EA03F0}"
EndProject
Project("{9A19103F-16F7-4668-BE54-9A1E7A4F7556}") = "Shared", "Shared\Shared.csproj", "{C350531C-6323-4642-BEC9-E6EC9E7C3E4F}"
EndProject
Project("{9A19103F-16F7-4668-BE54-9A1E7A4F7556}") = "BusinessLayerTest", "BusinessLayerTest\BusinessLayerTest.csproj", "{5D75BE40-EF3F-48F5-A2AB-E6D19D6BBF58}"
EndProject
Project("{FAE04EC0-301F-11D3-BF4B-00C04F79EFBC}") = "DataLayerTest", "DataLayerTest\DataLayerTest.csproj", "{2EB194F0-7A6D-4A81-8C50-AC9CE9D02C86}"
EndProject
Global
	GlobalSection(SolutionConfigurationPlatforms) = preSolution
		Debug|Any CPU = Debug|Any CPU
		Release|Any CPU = Release|Any CPU
	EndGlobalSection
	GlobalSection(ProjectConfigurationPlatforms) = postSolution
		{6917EEFF-E636-4132-BDD1-A2421F095C3A}.Debug|Any CPU.ActiveCfg = Debug|Any CPU
		{6917EEFF-E636-4132-BDD1-A2421F095C3A}.Debug|Any CPU.Build.0 = Debug|Any CPU
		{6917EEFF-E636-4132-BDD1-A2421F095C3A}.Release|Any CPU.ActiveCfg = Release|Any CPU
		{6917EEFF-E636-4132-BDD1-A2421F095C3A}.Release|Any CPU.Build.0 = Release|Any CPU
		{B2376C68-BBDB-4474-9FF9-C021DAE620D7}.Debug|Any CPU.ActiveCfg = Debug|Any CPU
		{B2376C68-BBDB-4474-9FF9-C021DAE620D7}.Debug|Any CPU.Build.0 = Debug|Any CPU
		{B2376C68-BBDB-4474-9FF9-C021DAE620D7}.Release|Any CPU.ActiveCfg = Release|Any CPU
		{B2376C68-BBDB-4474-9FF9-C021DAE620D7}.Release|Any CPU.Build.0 = Release|Any CPU
		{4BD39936-C417-49EC-BD06-6FBC4B73E43A}.Debug|Any CPU.ActiveCfg = Debug|Any CPU
		{4BD39936-C417-49EC-BD06-6FBC4B73E43A}.Debug|Any CPU.Build.0 = Debug|Any CPU
		{4BD39936-C417-49EC-BD06-6FBC4B73E43A}.Release|Any CPU.ActiveCfg = Release|Any CPU
		{4BD39936-C417-49EC-BD06-6FBC4B73E43A}.Release|Any CPU.Build.0 = Release|Any CPU
		{C350531C-6323-4642-BEC9-E6EC9E7C3E4F}.Debug|Any CPU.ActiveCfg = Debug|Any CPU
		{C350531C-6323-4642-BEC9-E6EC9E7C3E4F}.Debug|Any CPU.Build.0 = Debug|Any CPU
		{C350531C-6323-4642-BEC9-E6EC9E7C3E4F}.Release|Any CPU.ActiveCfg = Release|Any CPU
		{C350531C-6323-4642-BEC9-E6EC9E7C3E4F}.Release|Any CPU.Build.0 = Release|Any CPU
		{5D75BE40-EF3F-48F5-A2AB-E6D19D6BBF58}.Debug|Any CPU.ActiveCfg = Debug|Any CPU
		{5D75BE40-EF3F-48F5-A2AB-E6D19D6BBF58}.Debug|Any CPU.Build.0 = Debug|Any CPU
		{5D75BE40-EF3F-48F5-A2AB-E6D19D6BBF58}.Release|Any CPU.ActiveCfg = Release|Any CPU
		{5D75BE40-EF3F-48F5-A2AB-E6D19D6BBF58}.Release|Any CPU.Build.0 = Release|Any CPU
		{2EB194F0-7A6D-4A81-8C50-AC9CE9D02C86}.Debug|Any CPU.ActiveCfg = Debug|Any CPU
		{2EB194F0-7A6D-4A81-8C50-AC9CE9D02C86}.Debug|Any CPU.Build.0 = Debug|Any CPU
		{2EB194F0-7A6D-4A81-8C50-AC9CE9D02C86}.Release|Any CPU.ActiveCfg = Release|Any CPU
		{2EB194F0-7A6D-4A81-8C50-AC9CE9D02C86}.Release|Any CPU.Build.0 = Release|Any CPU
	EndGlobalSection
	GlobalSection(SolutionProperties) = preSolution
		HideSolutionNode = FALSE
	EndGlobalSection
	GlobalSection(NestedProjects) = preSolution
		{5D75BE40-EF3F-48F5-A2AB-E6D19D6BBF58} = {0368A072-E52B-4919-9152-B45318EA03F0}
		{2EB194F0-7A6D-4A81-8C50-AC9CE9D02C86} = {0368A072-E52B-4919-9152-B45318EA03F0}
	EndGlobalSection
	GlobalSection(ExtensibilityGlobals) = postSolution
		SolutionGuid = {EEEEC045-5F44-4626-ADB0-0DBD9B4A38E8}
	EndGlobalSection
EndGlobal
